
Microsoft Visual Studio Solution File, Format Version 12.00
# Visual Studio Version 17
VisualStudioVersion = 17.1.32414.318
MinimumVisualStudioVersion = 10.0.40219.1
Project("{FAE04EC0-301F-11D3-BF4B-00C04F79EFBC}") = "WebApplication1", "WebApplication1\WebApplication1.csproj", "{C7E23149-BD68-4206-B0C5-CDDB02670128}"
EndProject
Global
	GlobalSection(SolutionConfigurationPlatforms) = preSolution
		Debug|Any CPU = Debug|Any CPU
		Release|Any CPU = Release|Any CPU
	EndGlobalSection
	GlobalSection(ProjectConfigurationPlatforms) = postSolution
		{C7E23149-BD68-4206-B0C5-CDDB02670128}.Debug|Any CPU.ActiveCfg = Debug|Any CPU
		{C7E23149-BD68-4206-B0C5-CDDB02670128}.Debug|Any CPU.Build.0 = Debug|Any CPU
		{C7E23149-BD68-4206-B0C5-CDDB02670128}.Release|Any CPU.ActiveCfg = Release|Any CPU
		{C7E23149-BD68-4206-B0C5-CDDB02670128}.Release|Any CPU.Build.0 = Release|Any CPU
	EndGlobalSection
	GlobalSection(SolutionProperties) = preSolution
		HideSolutionNode = FALSE
	EndGlobalSection
	GlobalSection(ExtensibilityGlobals) = postSolution
		SolutionGuid = {000F2ACF-46D1-4C8F-AA8A-6D456D4E49D2}
	EndGlobalSection
EndGlobal
